
Microsoft Visual Studio Solution File, Format Version 12.00
# Visual Studio Version 17
VisualStudioVersion = 17.3.32929.385
MinimumVisualStudioVersion = 10.0.40219.1
Project("{FAE04EC0-301F-11D3-BF4B-00C04F79EFBC}") = "CheckQuantityDiff", "CheckQuantityDiff.csproj", "{BEE75586-4520-4724-9EDA-DDFEE529412F}"
EndProject
Global
	GlobalSection(SolutionConfigurationPlatforms) = preSolution
		Debug|Any CPU = Debug|Any CPU
		Release|Any CPU = Release|Any CPU
	EndGlobalSection
	GlobalSection(ProjectConfigurationPlatforms) = postSolution
		{BEE75586-4520-4724-9EDA-DDFEE529412F}.Debug|Any CPU.ActiveCfg = Debug|Any CPU
		{BEE75586-4520-4724-9EDA-DDFEE529412F}.Debug|Any CPU.Build.0 = Debug|Any CPU
		{BEE75586-4520-4724-9EDA-DDFEE529412F}.Release|Any CPU.ActiveCfg = Release|Any CPU
		{BEE75586-4520-4724-9EDA-DDFEE529412F}.Release|Any CPU.Build.0 = Release|Any CPU
	EndGlobalSection
	GlobalSection(SolutionProperties) = preSolution
		HideSolutionNode = FALSE
	EndGlobalSection
	GlobalSection(ExtensibilityGlobals) = postSolution
		SolutionGuid = {546552A3-1AE1-435F-938E-1EBD9DDFADD2}
	EndGlobalSection
EndGlobal
